
Microsoft Visual Studio Solution File, Format Version 12.00
# Visual Studio Version 16
VisualStudioVersion = 16.0.31424.327
MinimumVisualStudioVersion = 10.0.40219.1
Project("{8BC9CEB8-8B4A-11D0-8D11-00A0C91BC942}") = "Exercise_02_26", "Exercise_02_26.vcxproj", "{E38E0197-25A8-4C25-B98F-D63578813BB5}"
EndProject
Global
	GlobalSection(SolutionConfigurationPlatforms) = preSolution
		Debug|x64 = Debug|x64
		Debug|x86 = Debug|x86
		Release|x64 = Release|x64
		Release|x86 = Release|x86
	EndGlobalSection
	GlobalSection(ProjectConfigurationPlatforms) = postSolution
		{E38E0197-25A8-4C25-B98F-D63578813BB5}.Debug|x64.ActiveCfg = Debug|x64
		{E38E0197-25A8-4C25-B98F-D63578813BB5}.Debug|x64.Build.0 = Debug|x64
		{E38E0197-25A8-4C25-B98F-D63578813BB5}.Debug|x86.ActiveCfg = Debug|Win32
		{E38E0197-25A8-4C25-B98F-D63578813BB5}.Debug|x86.Build.0 = Debug|Win32
		{E38E0197-25A8-4C25-B98F-D63578813BB5}.Release|x64.ActiveCfg = Release|x64
		{E38E0197-25A8-4C25-B98F-D63578813BB5}.Release|x64.Build.0 = Release|x64
		{E38E0197-25A8-4C25-B98F-D63578813BB5}.Release|x86.ActiveCfg = Release|Win32
		{E38E0197-25A8-4C25-B98F-D63578813BB5}.Release|x86.Build.0 = Release|Win32
	EndGlobalSection
	GlobalSection(SolutionProperties) = preSolution
		HideSolutionNode = FALSE
	EndGlobalSection
	GlobalSection(ExtensibilityGlobals) = postSolution
		SolutionGuid = {7615E14E-6044-46C1-A5F5-FE18D3C4AE6E}
	EndGlobalSection
EndGlobal
