
Microsoft Visual Studio Solution File, Format Version 12.00
# Visual Studio Version 16
VisualStudioVersion = 16.0.31515.178
MinimumVisualStudioVersion = 10.0.40219.1
Project("{8BC9CEB8-8B4A-11D0-8D11-00A0C91BC942}") = "Exercise_06_32", "Exercise_06_32.vcxproj", "{F082935F-4F6F-4A57-8575-D7DAFE215F23}"
EndProject
Global
	GlobalSection(SolutionConfigurationPlatforms) = preSolution
		Debug|x64 = Debug|x64
		Debug|x86 = Debug|x86
		Release|x64 = Release|x64
		Release|x86 = Release|x86
	EndGlobalSection
	GlobalSection(ProjectConfigurationPlatforms) = postSolution
		{F082935F-4F6F-4A57-8575-D7DAFE215F23}.Debug|x64.ActiveCfg = Debug|x64
		{F082935F-4F6F-4A57-8575-D7DAFE215F23}.Debug|x64.Build.0 = Debug|x64
		{F082935F-4F6F-4A57-8575-D7DAFE215F23}.Debug|x86.ActiveCfg = Debug|Win32
		{F082935F-4F6F-4A57-8575-D7DAFE215F23}.Debug|x86.Build.0 = Debug|Win32
		{F082935F-4F6F-4A57-8575-D7DAFE215F23}.Release|x64.ActiveCfg = Release|x64
		{F082935F-4F6F-4A57-8575-D7DAFE215F23}.Release|x64.Build.0 = Release|x64
		{F082935F-4F6F-4A57-8575-D7DAFE215F23}.Release|x86.ActiveCfg = Release|Win32
		{F082935F-4F6F-4A57-8575-D7DAFE215F23}.Release|x86.Build.0 = Release|Win32
	EndGlobalSection
	GlobalSection(SolutionProperties) = preSolution
		HideSolutionNode = FALSE
	EndGlobalSection
	GlobalSection(ExtensibilityGlobals) = postSolution
		SolutionGuid = {56B6D08F-3005-46DE-8311-7C2539D8C41D}
	EndGlobalSection
EndGlobal
