
Microsoft Visual Studio Solution File, Format Version 12.00
# Visual Studio Version 16
VisualStudioVersion = 16.0.31515.178
MinimumVisualStudioVersion = 10.0.40219.1
Project("{8BC9CEB8-8B4A-11D0-8D11-00A0C91BC942}") = "Exercise_06_38", "Exercise_06_38.vcxproj", "{41416AB5-3133-4328-8230-6459DDB8B217}"
EndProject
Global
	GlobalSection(SolutionConfigurationPlatforms) = preSolution
		Debug|x64 = Debug|x64
		Debug|x86 = Debug|x86
		Release|x64 = Release|x64
		Release|x86 = Release|x86
	EndGlobalSection
	GlobalSection(ProjectConfigurationPlatforms) = postSolution
		{41416AB5-3133-4328-8230-6459DDB8B217}.Debug|x64.ActiveCfg = Debug|x64
		{41416AB5-3133-4328-8230-6459DDB8B217}.Debug|x64.Build.0 = Debug|x64
		{41416AB5-3133-4328-8230-6459DDB8B217}.Debug|x86.ActiveCfg = Debug|Win32
		{41416AB5-3133-4328-8230-6459DDB8B217}.Debug|x86.Build.0 = Debug|Win32
		{41416AB5-3133-4328-8230-6459DDB8B217}.Release|x64.ActiveCfg = Release|x64
		{41416AB5-3133-4328-8230-6459DDB8B217}.Release|x64.Build.0 = Release|x64
		{41416AB5-3133-4328-8230-6459DDB8B217}.Release|x86.ActiveCfg = Release|Win32
		{41416AB5-3133-4328-8230-6459DDB8B217}.Release|x86.Build.0 = Release|Win32
	EndGlobalSection
	GlobalSection(SolutionProperties) = preSolution
		HideSolutionNode = FALSE
	EndGlobalSection
	GlobalSection(ExtensibilityGlobals) = postSolution
		SolutionGuid = {48C39B8F-5931-4BB1-A0F9-AA63718E5171}
	EndGlobalSection
EndGlobal
