
Microsoft Visual Studio Solution File, Format Version 12.00
# Visual Studio Version 16
VisualStudioVersion = 16.0.31424.327
MinimumVisualStudioVersion = 10.0.40219.1
Project("{8BC9CEB8-8B4A-11D0-8D11-00A0C91BC942}") = "Exercise_05_17", "Exercise_05_17.vcxproj", "{DB040352-9285-473E-8544-0DAF7A27B3FA}"
EndProject
Global
	GlobalSection(SolutionConfigurationPlatforms) = preSolution
		Debug|x64 = Debug|x64
		Debug|x86 = Debug|x86
		Release|x64 = Release|x64
		Release|x86 = Release|x86
	EndGlobalSection
	GlobalSection(ProjectConfigurationPlatforms) = postSolution
		{DB040352-9285-473E-8544-0DAF7A27B3FA}.Debug|x64.ActiveCfg = Debug|x64
		{DB040352-9285-473E-8544-0DAF7A27B3FA}.Debug|x64.Build.0 = Debug|x64
		{DB040352-9285-473E-8544-0DAF7A27B3FA}.Debug|x86.ActiveCfg = Debug|Win32
		{DB040352-9285-473E-8544-0DAF7A27B3FA}.Debug|x86.Build.0 = Debug|Win32
		{DB040352-9285-473E-8544-0DAF7A27B3FA}.Release|x64.ActiveCfg = Release|x64
		{DB040352-9285-473E-8544-0DAF7A27B3FA}.Release|x64.Build.0 = Release|x64
		{DB040352-9285-473E-8544-0DAF7A27B3FA}.Release|x86.ActiveCfg = Release|Win32
		{DB040352-9285-473E-8544-0DAF7A27B3FA}.Release|x86.Build.0 = Release|Win32
	EndGlobalSection
	GlobalSection(SolutionProperties) = preSolution
		HideSolutionNode = FALSE
	EndGlobalSection
	GlobalSection(ExtensibilityGlobals) = postSolution
		SolutionGuid = {87E4A948-3D35-4E47-8F15-9C1ACC89D4EE}
	EndGlobalSection
EndGlobal
