
Microsoft Visual Studio Solution File, Format Version 12.00
# Visual Studio Version 16
VisualStudioVersion = 16.0.31424.327
MinimumVisualStudioVersion = 10.0.40219.1
Project("{8BC9CEB8-8B4A-11D0-8D11-00A0C91BC942}") = "Exercise_05_23", "Exercise_05_23.vcxproj", "{A3218FE4-4736-469F-AF72-CC628AD38D27}"
EndProject
Global
	GlobalSection(SolutionConfigurationPlatforms) = preSolution
		Debug|x64 = Debug|x64
		Debug|x86 = Debug|x86
		Release|x64 = Release|x64
		Release|x86 = Release|x86
	EndGlobalSection
	GlobalSection(ProjectConfigurationPlatforms) = postSolution
		{A3218FE4-4736-469F-AF72-CC628AD38D27}.Debug|x64.ActiveCfg = Debug|x64
		{A3218FE4-4736-469F-AF72-CC628AD38D27}.Debug|x64.Build.0 = Debug|x64
		{A3218FE4-4736-469F-AF72-CC628AD38D27}.Debug|x86.ActiveCfg = Debug|Win32
		{A3218FE4-4736-469F-AF72-CC628AD38D27}.Debug|x86.Build.0 = Debug|Win32
		{A3218FE4-4736-469F-AF72-CC628AD38D27}.Release|x64.ActiveCfg = Release|x64
		{A3218FE4-4736-469F-AF72-CC628AD38D27}.Release|x64.Build.0 = Release|x64
		{A3218FE4-4736-469F-AF72-CC628AD38D27}.Release|x86.ActiveCfg = Release|Win32
		{A3218FE4-4736-469F-AF72-CC628AD38D27}.Release|x86.Build.0 = Release|Win32
	EndGlobalSection
	GlobalSection(SolutionProperties) = preSolution
		HideSolutionNode = FALSE
	EndGlobalSection
	GlobalSection(ExtensibilityGlobals) = postSolution
		SolutionGuid = {1D18BA45-B355-4993-9BEE-933E01BAAC53}
	EndGlobalSection
EndGlobal
