
Microsoft Visual Studio Solution File, Format Version 12.00
# Visual Studio Version 16
VisualStudioVersion = 16.0.31515.178
MinimumVisualStudioVersion = 10.0.40219.1
Project("{8BC9CEB8-8B4A-11D0-8D11-00A0C91BC942}") = "Exercise_07_12", "Exercise_07_12.vcxproj", "{85018A9A-F50F-448C-8C74-F65D27EABEA9}"
EndProject
Global
	GlobalSection(SolutionConfigurationPlatforms) = preSolution
		Debug|x64 = Debug|x64
		Debug|x86 = Debug|x86
		Release|x64 = Release|x64
		Release|x86 = Release|x86
	EndGlobalSection
	GlobalSection(ProjectConfigurationPlatforms) = postSolution
		{85018A9A-F50F-448C-8C74-F65D27EABEA9}.Debug|x64.ActiveCfg = Debug|x64
		{85018A9A-F50F-448C-8C74-F65D27EABEA9}.Debug|x64.Build.0 = Debug|x64
		{85018A9A-F50F-448C-8C74-F65D27EABEA9}.Debug|x86.ActiveCfg = Debug|Win32
		{85018A9A-F50F-448C-8C74-F65D27EABEA9}.Debug|x86.Build.0 = Debug|Win32
		{85018A9A-F50F-448C-8C74-F65D27EABEA9}.Release|x64.ActiveCfg = Release|x64
		{85018A9A-F50F-448C-8C74-F65D27EABEA9}.Release|x64.Build.0 = Release|x64
		{85018A9A-F50F-448C-8C74-F65D27EABEA9}.Release|x86.ActiveCfg = Release|Win32
		{85018A9A-F50F-448C-8C74-F65D27EABEA9}.Release|x86.Build.0 = Release|Win32
	EndGlobalSection
	GlobalSection(SolutionProperties) = preSolution
		HideSolutionNode = FALSE
	EndGlobalSection
	GlobalSection(ExtensibilityGlobals) = postSolution
		SolutionGuid = {EFD8726C-0814-4A60-B6AF-737DE8DDEC5F}
	EndGlobalSection
EndGlobal
