
Microsoft Visual Studio Solution File, Format Version 12.00
# Visual Studio Version 16
VisualStudioVersion = 16.0.31424.327
MinimumVisualStudioVersion = 10.0.40219.1
Project("{8BC9CEB8-8B4A-11D0-8D11-00A0C91BC942}") = "Exercise_01_11", "Exercise_01_11.vcxproj", "{14DFC616-4416-4203-871B-81DF488E7AE3}"
EndProject
Global
	GlobalSection(SolutionConfigurationPlatforms) = preSolution
		Debug|x64 = Debug|x64
		Debug|x86 = Debug|x86
		Release|x64 = Release|x64
		Release|x86 = Release|x86
	EndGlobalSection
	GlobalSection(ProjectConfigurationPlatforms) = postSolution
		{14DFC616-4416-4203-871B-81DF488E7AE3}.Debug|x64.ActiveCfg = Debug|x64
		{14DFC616-4416-4203-871B-81DF488E7AE3}.Debug|x64.Build.0 = Debug|x64
		{14DFC616-4416-4203-871B-81DF488E7AE3}.Debug|x86.ActiveCfg = Debug|Win32
		{14DFC616-4416-4203-871B-81DF488E7AE3}.Debug|x86.Build.0 = Debug|Win32
		{14DFC616-4416-4203-871B-81DF488E7AE3}.Release|x64.ActiveCfg = Release|x64
		{14DFC616-4416-4203-871B-81DF488E7AE3}.Release|x64.Build.0 = Release|x64
		{14DFC616-4416-4203-871B-81DF488E7AE3}.Release|x86.ActiveCfg = Release|Win32
		{14DFC616-4416-4203-871B-81DF488E7AE3}.Release|x86.Build.0 = Release|Win32
	EndGlobalSection
	GlobalSection(SolutionProperties) = preSolution
		HideSolutionNode = FALSE
	EndGlobalSection
	GlobalSection(ExtensibilityGlobals) = postSolution
		SolutionGuid = {174203BB-381D-4199-8A41-22B880A6AD61}
	EndGlobalSection
EndGlobal
