
Microsoft Visual Studio Solution File, Format Version 12.00
# Visual Studio Version 16
VisualStudioVersion = 16.0.31515.178
MinimumVisualStudioVersion = 10.0.40219.1
Project("{8BC9CEB8-8B4A-11D0-8D11-00A0C91BC942}") = "Exercise_06_25", "Exercise_06_25.vcxproj", "{1D179037-7A1F-4CE2-B76A-4176168C333A}"
EndProject
Global
	GlobalSection(SolutionConfigurationPlatforms) = preSolution
		Debug|x64 = Debug|x64
		Debug|x86 = Debug|x86
		Release|x64 = Release|x64
		Release|x86 = Release|x86
	EndGlobalSection
	GlobalSection(ProjectConfigurationPlatforms) = postSolution
		{1D179037-7A1F-4CE2-B76A-4176168C333A}.Debug|x64.ActiveCfg = Debug|x64
		{1D179037-7A1F-4CE2-B76A-4176168C333A}.Debug|x64.Build.0 = Debug|x64
		{1D179037-7A1F-4CE2-B76A-4176168C333A}.Debug|x86.ActiveCfg = Debug|Win32
		{1D179037-7A1F-4CE2-B76A-4176168C333A}.Debug|x86.Build.0 = Debug|Win32
		{1D179037-7A1F-4CE2-B76A-4176168C333A}.Release|x64.ActiveCfg = Release|x64
		{1D179037-7A1F-4CE2-B76A-4176168C333A}.Release|x64.Build.0 = Release|x64
		{1D179037-7A1F-4CE2-B76A-4176168C333A}.Release|x86.ActiveCfg = Release|Win32
		{1D179037-7A1F-4CE2-B76A-4176168C333A}.Release|x86.Build.0 = Release|Win32
	EndGlobalSection
	GlobalSection(SolutionProperties) = preSolution
		HideSolutionNode = FALSE
	EndGlobalSection
	GlobalSection(ExtensibilityGlobals) = postSolution
		SolutionGuid = {D6ADA138-C282-4C2B-A51F-BD7162821CCD}
	EndGlobalSection
EndGlobal
